
Microsoft Visual Studio Solution File, Format Version 12.00
# Visual Studio Version 16
VisualStudioVersion = 16.0.31515.178
MinimumVisualStudioVersion = 10.0.40219.1
Project("{FAE04EC0-301F-11D3-BF4B-00C04F79EFBC}") = "Training", "Training\Training.csproj", "{61988E64-E3AD-4655-B741-70E8A31AC60A}"
EndProject
Project("{FAE04EC0-301F-11D3-BF4B-00C04F79EFBC}") = "WSAPI", "WSAPI\WSAPI.csproj", "{5C5566F2-BB85-4EF1-8E16-8CA4953EDE10}"
EndProject
Project("{FAE04EC0-301F-11D3-BF4B-00C04F79EFBC}") = "Lab.Lib", "Lab.Lib\Lab.Lib.csproj", "{6ECE1895-6ED5-4DE9-A1FB-1606076021AF}"
EndProject
Project("{E24C65DC-7377-472B-9ABA-BC803B73C61A}") = "UOF24", "UOF24\", "{B77DF1A1-13DB-435F-9440-45F08E86429F}"
	ProjectSection(WebsiteProperties) = preProject
		TargetFrameworkMoniker = ".NETFramework,Version%3Dv4.8"
		ProjectReferences = "{6ece1895-6ed5-4de9-a1fb-1606076021af}|Lab.Lib.dll;{61988e64-e3ad-4655-b741-70e8a31ac60a}|Training.dll;"
		Debug.AspNetCompiler.VirtualPath = "/localhost_64225"
		Debug.AspNetCompiler.PhysicalPath = "UOF24\"
		Debug.AspNetCompiler.TargetPath = "PrecompiledWeb\localhost_64225\"
		Debug.AspNetCompiler.Updateable = "true"
		Debug.AspNetCompiler.ForceOverwrite = "true"
		Debug.AspNetCompiler.FixedNames = "false"
		Debug.AspNetCompiler.Debug = "True"
		Release.AspNetCompiler.VirtualPath = "/localhost_64225"
		Release.AspNetCompiler.PhysicalPath = "UOF24\"
		Release.AspNetCompiler.TargetPath = "PrecompiledWeb\localhost_64225\"
		Release.AspNetCompiler.Updateable = "true"
		Release.AspNetCompiler.ForceOverwrite = "true"
		Release.AspNetCompiler.FixedNames = "false"
		Release.AspNetCompiler.Debug = "False"
		VWDPort = "64225"
		SlnRelativePath = "UOF24\"
	EndProjectSection
EndProject
Global
	GlobalSection(SolutionConfigurationPlatforms) = preSolution
		Debug|Any CPU = Debug|Any CPU
		Release|Any CPU = Release|Any CPU
	EndGlobalSection
	GlobalSection(ProjectConfigurationPlatforms) = postSolution
		{61988E64-E3AD-4655-B741-70E8A31AC60A}.Debug|Any CPU.ActiveCfg = Debug|Any CPU
		{61988E64-E3AD-4655-B741-70E8A31AC60A}.Debug|Any CPU.Build.0 = Debug|Any CPU
		{61988E64-E3AD-4655-B741-70E8A31AC60A}.Release|Any CPU.ActiveCfg = Release|Any CPU
		{61988E64-E3AD-4655-B741-70E8A31AC60A}.Release|Any CPU.Build.0 = Release|Any CPU
		{5C5566F2-BB85-4EF1-8E16-8CA4953EDE10}.Debug|Any CPU.ActiveCfg = Debug|Any CPU
		{5C5566F2-BB85-4EF1-8E16-8CA4953EDE10}.Debug|Any CPU.Build.0 = Debug|Any CPU
		{5C5566F2-BB85-4EF1-8E16-8CA4953EDE10}.Release|Any CPU.ActiveCfg = Release|Any CPU
		{5C5566F2-BB85-4EF1-8E16-8CA4953EDE10}.Release|Any CPU.Build.0 = Release|Any CPU
		{6ECE1895-6ED5-4DE9-A1FB-1606076021AF}.Debug|Any CPU.ActiveCfg = Debug|Any CPU
		{6ECE1895-6ED5-4DE9-A1FB-1606076021AF}.Debug|Any CPU.Build.0 = Debug|Any CPU
		{6ECE1895-6ED5-4DE9-A1FB-1606076021AF}.Release|Any CPU.ActiveCfg = Release|Any CPU
		{6ECE1895-6ED5-4DE9-A1FB-1606076021AF}.Release|Any CPU.Build.0 = Release|Any CPU
		{B77DF1A1-13DB-435F-9440-45F08E86429F}.Debug|Any CPU.ActiveCfg = Debug|Any CPU
		{B77DF1A1-13DB-435F-9440-45F08E86429F}.Debug|Any CPU.Build.0 = Debug|Any CPU
		{B77DF1A1-13DB-435F-9440-45F08E86429F}.Release|Any CPU.ActiveCfg = Debug|Any CPU
		{B77DF1A1-13DB-435F-9440-45F08E86429F}.Release|Any CPU.Build.0 = Debug|Any CPU
	EndGlobalSection
	GlobalSection(SolutionProperties) = preSolution
		HideSolutionNode = FALSE
	EndGlobalSection
	GlobalSection(ExtensibilityGlobals) = postSolution
		SolutionGuid = {04955DB8-31CD-4C22-A92A-CF3DC82A0E96}
	EndGlobalSection
EndGlobal
